{
  "name": "lucici",
  "version": "11.0.0",
  "lockfileVersion": 3,
  "requires": true,
  "packages": {
    "": {
      "name": "lucici",
      "version": "11.0.0",
      "dependencies": {
        "imagemagick": "^0.1.3",
        "paypal-express-checkout": "latest",
        "total.js": "latest"
      }
    },
    "node_modules/imagemagick": {
      "version": "0.1.3",
      "resolved": "https://registry.npmjs.org/imagemagick/-/imagemagick-0.1.3.tgz",
      "integrity": "sha512-HIwwW10UdwsWcHETt5BPrnEkaJSFLiW1dYDlPYV0EXyj2zJY28iXimPWlZDsOpxVghmF5EuUjYOvJZhZS4Y10g=="
    },
    "node_modules/paypal-express-checkout": {
      "version": "1.6.3",
      "resolved": "https://registry.npmjs.org/paypal-express-checkout/-/paypal-express-checkout-1.6.3.tgz",
      "integrity": "sha512-UiTt2MKB89Z8FlXwmRfvcFX3z4FCo8ZjizXkWZ27Iwe19KQM5nG9FWevA0UAtZdgb+PRfEbQ0iM8KrgJ4OyhxQ==",
      "engines": {
        "node": ">=0.8.x"
      }
    },
    "node_modules/total.js": {
      "version": "3.4.13",
      "resolved": "https://registry.npmjs.org/total.js/-/total.js-3.4.13.tgz",
      "integrity": "sha512-lAH4gEixlPFbrE3xfKADAcHfO79IFq2wKa9GTsrgRzIR5MTg3mNH7+4IxvX1pK8faoYb/0oYSJ1YTsAa5hIFFQ==",
      "bin": {
        "total": "bin/totaljs",
        "total.js": "bin/totaljs",
        "totaljs": "bin/totaljs",
        "totalpackage": "bin/tpm",
        "tpm": "bin/tpm"
      },
      "engines": {
        "node": ">=8.0.0"
      }
    }
  }
}
